
Microsoft Visual Studio Solution File, Format Version 12.00
# Visual Studio Version 17
VisualStudioVersion = 17.4.33122.133
MinimumVisualStudioVersion = 10.0.40219.1
Project("{FAE04EC0-301F-11D3-BF4B-00C04F79EFBC}") = "CustomizeWindowTitleBar", "CustomizeWindowTitleBar\CustomizeWindowTitleBar.csproj", "{54749E9B-5CF4-44DA-A6FC-D36C7F44A617}"
EndProject
Global
	GlobalSection(SolutionConfigurationPlatforms) = preSolution
		Debug|Any CPU = Debug|Any CPU
		Debug|x64 = Debug|x64
		Release|Any CPU = Release|Any CPU
		Release|x64 = Release|x64
	EndGlobalSection
	GlobalSection(ProjectConfigurationPlatforms) = postSolution
		{54749E9B-5CF4-44DA-A6FC-D36C7F44A617}.Debug|Any CPU.ActiveCfg = Debug|Any CPU
		{54749E9B-5CF4-44DA-A6FC-D36C7F44A617}.Debug|Any CPU.Build.0 = Debug|Any CPU
		{54749E9B-5CF4-44DA-A6FC-D36C7F44A617}.Debug|x64.ActiveCfg = Debug|x64
		{54749E9B-5CF4-44DA-A6FC-D36C7F44A617}.Debug|x64.Build.0 = Debug|x64
		{54749E9B-5CF4-44DA-A6FC-D36C7F44A617}.Release|Any CPU.ActiveCfg = Release|Any CPU
		{54749E9B-5CF4-44DA-A6FC-D36C7F44A617}.Release|Any CPU.Build.0 = Release|Any CPU
		{54749E9B-5CF4-44DA-A6FC-D36C7F44A617}.Release|x64.ActiveCfg = Release|x64
		{54749E9B-5CF4-44DA-A6FC-D36C7F44A617}.Release|x64.Build.0 = Release|x64
	EndGlobalSection
	GlobalSection(SolutionProperties) = preSolution
		HideSolutionNode = FALSE
	EndGlobalSection
	GlobalSection(ExtensibilityGlobals) = postSolution
		SolutionGuid = {6360C037-774E-49C8-B46D-3EB2120CE8E1}
	EndGlobalSection
EndGlobal
